lockfileVersion: '9.0'

settings:
  autoInstallPeers: true
  excludeLinksFromLockfile: false

importers:

  .:
    dependencies:
      tree-sitter-cli:
        specifier: ^0.26.3
        version: 0.26.3

packages:

  tree-sitter-cli@0.26.3:
    resolution: {integrity: sha512-1VHpmjnTsYJk03HDqzLGn9dmJaLsJ7YeGsnnSudC6XOZu5oasz0GEVOIVCTe6hA01YZJgHd1XGO6XJZe0Sj7tw==}
    engines: {node: '>=12.0.0'}
    hasBin: true

snapshots:

  tree-sitter-cli@0.26.3: {}
